// !$*UTF8*$!
{
	archiveVersion = 1;
	classes = {
	};
	objectVersion = 51;
	objects = {

/* Begin PBXBuildFile section */
		3302ADEC255C546C00BA64B4 /* Pods_GXRefreshSample.framework in Frameworks */ = {isa = PBXBuildFile; fileRef = 3302ADEB255C546C00BA64B4 /* Pods_GXRefreshSample.framework */; };
		3302ADEE255C547000BA64B4 /* GXSegmentPageView.framework in Frameworks */ = {isa = PBXBuildFile; fileRef = 3302ADED255C547000BA64B4 /* GXSegmentPageView.framework */; };
		3306C08D255C280C00065A11 /* TabViewController.swift in Sources */ = {isa = PBXBuildFile; fileRef = 3306C08B255C280C00065A11 /* TabViewController.swift */; };
		3306C094255C283800065A11 /* TableViewController.swift in Sources */ = {isa = PBXBuildFile; fileRef = 3306C092255C283800065A11 /* TableViewController.swift */; };
		3306C095255C283800065A11 /* TableViewController.xib in Resources */ = {isa = PBXBuildFile; fileRef = 3306C093255C283800065A11 /* TableViewController.xib */; };
		3312A73124E61C2E005B502D /* RootTableViewController.swift in Sources */ = {isa = PBXBuildFile; fileRef = 3312A73024E61C2E005B502D /* RootTableViewController.swift */; };
		3312A73824E6DA66005B502D /* GXRefreshCustomFooter.swift in Sources */ = {isa = PBXBuildFile; fileRef = 3312A73624E6DA66005B502D /* GXRefreshCustomFooter.swift */; };
		3312A73924E6DA66005B502D /* GXRefreshCustomHeader.swift in Sources */ = {isa = PBXBuildFile; fileRef = 3312A73724E6DA66005B502D /* GXRefreshCustomHeader.swift */; };
		331F496824E1D5DC0013100D /* GXRefreshBaseFooter.swift in Sources */ = {isa = PBXBuildFile; fileRef = 331F496724E1D5DC0013100D /* GXRefreshBaseFooter.swift */; };
		3320667724E4C2DA00D8074B /* GXRefreshGifHeader.swift in Sources */ = {isa = PBXBuildFile; fileRef = 3320667624E4C2DA00D8074B /* GXRefreshGifHeader.swift */; };
		332655ED24E8A77600079CB9 /* GXRefreshIndicatorView.swift in Sources */ = {isa = PBXBuildFile; fileRef = 332655EC24E8A77600079CB9 /* GXRefreshIndicatorView.swift */; };
		332964C524E318940057484C /* GXRefreshNormalHeader.swift in Sources */ = {isa = PBXBuildFile; fileRef = 332964C424E318940057484C /* GXRefreshNormalHeader.swift */; };
		332964C724E34FA70057484C /* GXRefreshNormalFooter.swift in Sources */ = {isa = PBXBuildFile; fileRef = 332964C624E34FA70057484C /* GXRefreshNormalFooter.swift */; };
		333908BA24DF126A0081E656 /* AppDelegate.swift in Sources */ = {isa = PBXBuildFile; fileRef = 333908B924DF126A0081E656 /* AppDelegate.swift */; };
		333908BE24DF126A0081E656 /* ViewController.swift in Sources */ = {isa = PBXBuildFile; fileRef = 333908BD24DF126A0081E656 /* ViewController.swift */; };
		333908C124DF126A0081E656 /* Main.storyboard in Resources */ = {isa = PBXBuildFile; fileRef = 333908BF24DF126A0081E656 /* Main.storyboard */; };
		333908C324DF126C0081E656 /* Assets.xcassets in Resources */ = {isa = PBXBuildFile; fileRef = 333908C224DF126C0081E656 /* Assets.xcassets */; };
		333908C624DF126C0081E656 /* LaunchScreen.storyboard in Resources */ = {isa = PBXBuildFile; fileRef = 333908C424DF126C0081E656 /* LaunchScreen.storyboard */; };
		333908D124DF126C0081E656 /* GXRefreshSampleTests.swift in Sources */ = {isa = PBXBuildFile; fileRef = 333908D024DF126C0081E656 /* GXRefreshSampleTests.swift */; };
		333908DC24DF126C0081E656 /* GXRefreshSampleUITests.swift in Sources */ = {isa = PBXBuildFile; fileRef = 333908DB24DF126C0081E656 /* GXRefreshSampleUITests.swift */; };
		333908EB24DF12EF0081E656 /* UIScrollView+GXRefresh.swift in Sources */ = {isa = PBXBuildFile; fileRef = 333908EA24DF12EF0081E656 /* UIScrollView+GXRefresh.swift */; };
		335BD62024E57BEA0094A0E7 /* GXRefreshGifFooter.swift in Sources */ = {isa = PBXBuildFile; fileRef = 335BD61F24E57BEA0094A0E7 /* GXRefreshGifFooter.swift */; };
		33623B3E24E8DC17006CCAEA /* gx_arrow@2x.png in Resources */ = {isa = PBXBuildFile; fileRef = 33623B3D24E8DC17006CCAEA /* gx_arrow@2x.png */; };
		336A62C224E02104008A234A /* GXRefreshComponent.swift in Sources */ = {isa = PBXBuildFile; fileRef = 336A62C124E02104008A234A /* GXRefreshComponent.swift */; };
		336A62C424E06808008A234A /* GXRefreshBaseHeader.swift in Sources */ = {isa = PBXBuildFile; fileRef = 336A62C324E06808008A234A /* GXRefreshBaseHeader.swift */; };
/* End PBXBuildFile section */

/* Begin PBXContainerItemProxy section */
		333908CD24DF126C0081E656 /* PBXContainerItemProxy */ = {
			isa = PBXContainerItemProxy;
			containerPortal = 333908AE24DF126A0081E656 /* Project object */;
			proxyType = 1;
			remoteGlobalIDString = 333908B524DF126A0081E656;
			remoteInfo = GXRefreshSample;
		};
		333908D824DF126C0081E656 /* PBXContainerItemProxy */ = {
			isa = PBXContainerItemProxy;
			containerPortal = 333908AE24DF126A0081E656 /* Project object */;
			proxyType = 1;
			remoteGlobalIDString = 333908B524DF126A0081E656;
			remoteInfo = GXRefreshSample;
		};
/* End PBXContainerItemProxy section */

/* Begin PBXFileReference section */
		3302ADEB255C546C00BA64B4 /* Pods_GXRefreshSample.framework */ = {isa = PBXFileReference; explicitFileType = wrapper.framework; path = Pods_GXRefreshSample.framework; sourceTree = BUILT_PRODUCTS_DIR; };
		3302ADED255C547000BA64B4 /* GXSegmentPageView.framework */ = {isa = PBXFileReference; explicitFileType = wrapper.framework; path = GXSegmentPageView.framework; sourceTree = BUILT_PRODUCTS_DIR; };
		3306C08B255C280C00065A11 /* TabViewController.swift */ = {isa = PBXFileReference; lastKnownFileType = sourcecode.swift; path = TabViewController.swift; sourceTree = "<group>"; };
		3306C092255C283800065A11 /* TableViewController.swift */ = {isa = PBXFileReference; lastKnownFileType = sourcecode.swift; path = TableViewController.swift; sourceTree = "<group>"; };
		3306C093255C283800065A11 /* TableViewController.xib */ = {isa = PBXFileReference; lastKnownFileType = file.xib; path = TableViewController.xib; sourceTree = "<group>"; };
		3306C09C255C377C00065A11 /* Pods_GXRefreshSample.framework */ = {isa = PBXFileReference; explicitFileType = wrapper.framework; path = Pods_GXRefreshSample.framework; sourceTree = BUILT_PRODUCTS_DIR; };
		3312A73024E61C2E005B502D /* RootTableViewController.swift */ = {isa = PBXFileReference; lastKnownFileType = sourcecode.swift; path = RootTableViewController.swift; sourceTree = "<group>"; };
		3312A73624E6DA66005B502D /* GXRefreshCustomFooter.swift */ = {isa = PBXFileReference; fileEncoding = 4; lastKnownFileType = sourcecode.swift; path = GXRefreshCustomFooter.swift; sourceTree = "<group>"; };
		3312A73724E6DA66005B502D /* GXRefreshCustomHeader.swift */ = {isa = PBXFileReference; fileEncoding = 4; lastKnownFileType = sourcecode.swift; path = GXRefreshCustomHeader.swift; sourceTree = "<group>"; };
		331F496724E1D5DC0013100D /* GXRefreshBaseFooter.swift */ = {isa = PBXFileReference; lastKnownFileType = sourcecode.swift; path = GXRefreshBaseFooter.swift; sourceTree = "<group>"; };
		3320667624E4C2DA00D8074B /* GXRefreshGifHeader.swift */ = {isa = PBXFileReference; lastKnownFileType = sourcecode.swift; path = GXRefreshGifHeader.swift; sourceTree = "<group>"; };
		332655EC24E8A77600079CB9 /* GXRefreshIndicatorView.swift */ = {isa = PBXFileReference; lastKnownFileType = sourcecode.swift; path = GXRefreshIndicatorView.swift; sourceTree = "<group>"; };
		332964C424E318940057484C /* GXRefreshNormalHeader.swift */ = {isa = PBXFileReference; lastKnownFileType = sourcecode.swift; path = GXRefreshNormalHeader.swift; sourceTree = "<group>"; };
		332964C624E34FA70057484C /* GXRefreshNormalFooter.swift */ = {isa = PBXFileReference; lastKnownFileType = sourcecode.swift; path = GXRefreshNormalFooter.swift; sourceTree = "<group>"; };
		333908B624DF126A0081E656 /* GXRefreshSample.app */ = {isa = PBXFileReference; explicitFileType = wrapper.application; includeInIndex = 0; path = GXRefreshSample.app; sourceTree = BUILT_PRODUCTS_DIR; };
		333908B924DF126A0081E656 /* AppDelegate.swift */ = {isa = PBXFileReference; lastKnownFileType = sourcecode.swift; path = AppDelegate.swift; sourceTree = "<group>"; };
		333908BD24DF126A0081E656 /* ViewController.swift */ = {isa = PBXFileReference; lastKnownFileType = sourcecode.swift; path = ViewController.swift; sourceTree = "<group>"; };
		333908C024DF126A0081E656 /* Base */ = {isa = PBXFileReference; lastKnownFileType = file.storyboard; name = Base; path = Base.lproj/Main.storyboard; sourceTree = "<group>"; };
		333908C224DF126C0081E656 /* Assets.xcassets */ = {isa = PBXFileReference; lastKnownFileType = folder.assetcatalog; path = Assets.xcassets; sourceTree = "<group>"; };
		333908C524DF126C0081E656 /* Base */ = {isa = PBXFileReference; lastKnownFileType = file.storyboard; name = Base; path = Base.lproj/LaunchScreen.storyboard; sourceTree = "<group>"; };
		333908C724DF126C0081E656 /* Info.plist */ = {isa = PBXFileReference; lastKnownFileType = text.plist.xml; path = Info.plist; sourceTree = "<group>"; };
		333908CC24DF126C0081E656 /* GXRefreshSampleTests.xctest */ = {isa = PBXFileReference; explicitFileType = wrapper.cfbundle; includeInIndex = 0; path = GXRefreshSampleTests.xctest; sourceTree = BUILT_PRODUCTS_DIR; };
		333908D024DF126C0081E656 /* GXRefreshSampleTests.swift */ = {isa = PBXFileReference; lastKnownFileType = sourcecode.swift; path = GXRefreshSampleTests.swift; sourceTree = "<group>"; };
		333908D224DF126C0081E656 /* Info.plist */ = {isa = PBXFileReference; lastKnownFileType = text.plist.xml; path = Info.plist; sourceTree = "<group>"; };
		333908D724DF126C0081E656 /* GXRefreshSampleUITests.xctest */ = {isa = PBXFileReference; explicitFileType = wrapper.cfbundle; includeInIndex = 0; path = GXRefreshSampleUITests.xctest; sourceTree = BUILT_PRODUCTS_DIR; };
		333908DB24DF126C0081E656 /* GXRefreshSampleUITests.swift */ = {isa = PBXFileReference; lastKnownFileType = sourcecode.swift; path = GXRefreshSampleUITests.swift; sourceTree = "<group>"; };
		333908DD24DF126C0081E656 /* Info.plist */ = {isa = PBXFileReference; lastKnownFileType = text.plist.xml; path = Info.plist; sourceTree = "<group>"; };
		333908EA24DF12EF0081E656 /* UIScrollView+GXRefresh.swift */ = {isa = PBXFileReference; lastKnownFileType = sourcecode.swift; path = "UIScrollView+GXRefresh.swift"; sourceTree = "<group>"; };
		335BD61F24E57BEA0094A0E7 /* GXRefreshGifFooter.swift */ = {isa = PBXFileReference; lastKnownFileType = sourcecode.swift; path = GXRefreshGifFooter.swift; sourceTree = "<group>"; };
		33623B3D24E8DC17006CCAEA /* gx_arrow@2x.png */ = {isa = PBXFileReference; lastKnownFileType = image.png; path = "gx_arrow@2x.png"; sourceTree = "<group>"; };
		336A62C124E02104008A234A /* GXRefreshComponent.swift */ = {isa = PBXFileReference; lastKnownFileType = sourcecode.swift; path = GXRefreshComponent.swift; sourceTree = "<group>"; };
		336A62C324E06808008A234A /* GXRefreshBaseHeader.swift */ = {isa = PBXFileReference; lastKnownFileType = sourcecode.swift; path = GXRefreshBaseHeader.swift; sourceTree = "<group>"; };
		7054DF580D4D15F193C94813 /* Pods_GXRefreshSample.framework */ = {isa = PBXFileReference; explicitFileType = wrapper.framework; includeInIndex = 0; path = Pods_GXRefreshSample.framework; sourceTree = BUILT_PRODUCTS_DIR; };
		99D52BE5E269AFA75068D742 /* Pods-GXRefreshSample.release.xcconfig */ = {isa = PBXFileReference; includeInIndex = 1; lastKnownFileType = text.xcconfig; name = "Pods-GXRefreshSample.release.xcconfig"; path = "Target Support Files/Pods-GXRefreshSample/Pods-GXRefreshSample.release.xcconfig"; sourceTree = "<group>"; };
		EC721FE230C59C2F0726696A /* Pods-GXRefreshSample.debug.xcconfig */ = {isa = PBXFileReference; includeInIndex = 1; lastKnownFileType = text.xcconfig; name = "Pods-GXRefreshSample.debug.xcconfig"; path = "Target Support Files/Pods-GXRefreshSample/Pods-GXRefreshSample.debug.xcconfig"; sourceTree = "<group>"; };
/* End PBXFileReference section */

/* Begin PBXFrameworksBuildPhase section */
		333908B324DF126A0081E656 /* Frameworks */ = {
			isa = PBXFrameworksBuildPhase;
			buildActionMask = 2147483647;
			files = (
				3302ADEE255C547000BA64B4 /* GXSegmentPageView.framework in Frameworks */,
				3302ADEC255C546C00BA64B4 /* Pods_GXRefreshSample.framework in Frameworks */,
			);
			runOnlyForDeploymentPostprocessing = 0;
		};
		333908C924DF126C0081E656 /* Frameworks */ = {
			isa = PBXFrameworksBuildPhase;
			buildActionMask = 2147483647;
			files = (
			);
			runOnlyForDeploymentPostprocessing = 0;
		};
		333908D424DF126C0081E656 /* Frameworks */ = {
			isa = PBXFrameworksBuildPhase;
			buildActionMask = 2147483647;
			files = (
			);
			runOnlyForDeploymentPostprocessing = 0;
		};
/* End PBXFrameworksBuildPhase section */

/* Begin PBXGroup section */
		333908AD24DF126A0081E656 = {
			isa = PBXGroup;
			children = (
				333908B824DF126A0081E656 /* GXRefreshSample */,
				333908CF24DF126C0081E656 /* GXRefreshSampleTests */,
				333908DA24DF126C0081E656 /* GXRefreshSampleUITests */,
				333908B724DF126A0081E656 /* Products */,
				96E71E938C802B075AE288ED /* Pods */,
				A7E2D30DDD2A208EC3480B8C /* Frameworks */,
			);
			sourceTree = "<group>";
		};
		333908B724DF126A0081E656 /* Products */ = {
			isa = PBXGroup;
			children = (
				333908B624DF126A0081E656 /* GXRefreshSample.app */,
				333908CC24DF126C0081E656 /* GXRefreshSampleTests.xctest */,
				333908D724DF126C0081E656 /* GXRefreshSampleUITests.xctest */,
			);
			name = Products;
			sourceTree = "<group>";
		};
		333908B824DF126A0081E656 /* GXRefreshSample */ = {
			isa = PBXGroup;
			children = (
				333908E924DF12A00081E656 /* GXRefresh */,
				333908B924DF126A0081E656 /* AppDelegate.swift */,
				3312A73024E61C2E005B502D /* RootTableViewController.swift */,
				333908BD24DF126A0081E656 /* ViewController.swift */,
				3306C08B255C280C00065A11 /* TabViewController.swift */,
				3306C092255C283800065A11 /* TableViewController.swift */,
				3306C093255C283800065A11 /* TableViewController.xib */,
				333908BF24DF126A0081E656 /* Main.storyboard */,
				333908C224DF126C0081E656 /* Assets.xcassets */,
				333908C424DF126C0081E656 /* LaunchScreen.storyboard */,
				333908C724DF126C0081E656 /* Info.plist */,
			);
			path = GXRefreshSample;
			sourceTree = "<group>";
		};
		333908CF24DF126C0081E656 /* GXRefreshSampleTests */ = {
			isa = PBXGroup;
			children = (
				333908D024DF126C0081E656 /* GXRefreshSampleTests.swift */,
				333908D224DF126C0081E656 /* Info.plist */,
			);
			path = GXRefreshSampleTests;
			sourceTree = "<group>";
		};
		333908DA24DF126C0081E656 /* GXRefreshSampleUITests */ = {
			isa = PBXGroup;
			children = (
				333908DB24DF126C0081E656 /* GXRefreshSampleUITests.swift */,
				333908DD24DF126C0081E656 /* Info.plist */,
			);
			path = GXRefreshSampleUITests;
			sourceTree = "<group>";
		};
		333908E924DF12A00081E656 /* GXRefresh */ = {
			isa = PBXGroup;
			children = (
				33623B3C24E8DBE1006CCAEA /* Resource */,
				333908EA24DF12EF0081E656 /* UIScrollView+GXRefresh.swift */,
				332655EC24E8A77600079CB9 /* GXRefreshIndicatorView.swift */,
				336A62C124E02104008A234A /* GXRefreshComponent.swift */,
				336A62C324E06808008A234A /* GXRefreshBaseHeader.swift */,
				331F496724E1D5DC0013100D /* GXRefreshBaseFooter.swift */,
				332964C424E318940057484C /* GXRefreshNormalHeader.swift */,
				332964C624E34FA70057484C /* GXRefreshNormalFooter.swift */,
				3320667624E4C2DA00D8074B /* GXRefreshGifHeader.swift */,
				335BD61F24E57BEA0094A0E7 /* GXRefreshGifFooter.swift */,
				3312A73724E6DA66005B502D /* GXRefreshCustomHeader.swift */,
				3312A73624E6DA66005B502D /* GXRefreshCustomFooter.swift */,
			);
			name = GXRefresh;
			path = ../../GXRefresh;
			sourceTree = "<group>";
		};
		33623B3C24E8DBE1006CCAEA /* Resource */ = {
			isa = PBXGroup;
			children = (
				33623B3D24E8DC17006CCAEA /* gx_arrow@2x.png */,
			);
			path = Resource;
			sourceTree = "<group>";
		};
		96E71E938C802B075AE288ED /* Pods */ = {
			isa = PBXGroup;
			children = (
				EC721FE230C59C2F0726696A /* Pods-GXRefreshSample.debug.xcconfig */,
				99D52BE5E269AFA75068D742 /* Pods-GXRefreshSample.release.xcconfig */,
			);
			path = Pods;
			sourceTree = "<group>";
		};
		A7E2D30DDD2A208EC3480B8C /* Frameworks */ = {
			isa = PBXGroup;
			children = (
				3302ADED255C547000BA64B4 /* GXSegmentPageView.framework */,
				3302ADEB255C546C00BA64B4 /* Pods_GXRefreshSample.framework */,
				3306C09C255C377C00065A11 /* Pods_GXRefreshSample.framework */,
				7054DF580D4D15F193C94813 /* Pods_GXRefreshSample.framework */,
			);
			name = Frameworks;
			sourceTree = "<group>";
		};
/* End PBXGroup section */

/* Begin PBXNativeTarget section */
		333908B524DF126A0081E656 /* GXRefreshSample */ = {
			isa = PBXNativeTarget;
			buildConfigurationList = 333908E024DF126C0081E656 /* Build configuration list for PBXNativeTarget "GXRefreshSample" */;
			buildPhases = (
				23D9303CB25B25316B3BB453 /* [CP] Check Pods Manifest.lock */,
				333908B224DF126A0081E656 /* Sources */,
				333908B324DF126A0081E656 /* Frameworks */,
				333908B424DF126A0081E656 /* Resources */,
				D52776A62D210C3FD645968C /* [CP] Embed Pods Frameworks */,
			);
			buildRules = (
			);
			dependencies = (
			);
			name = GXRefreshSample;
			productName = GXRefreshSample;
			productReference = 333908B624DF126A0081E656 /* GXRefreshSample.app */;
			productType = "com.apple.product-type.application";
		};
		333908CB24DF126C0081E656 /* GXRefreshSampleTests */ = {
			isa = PBXNativeTarget;
			buildConfigurationList = 333908E324DF126C0081E656 /* Build configuration list for PBXNativeTarget "GXRefreshSampleTests" */;
			buildPhases = (
				333908C824DF126C0081E656 /* Sources */,
				333908C924DF126C0081E656 /* Frameworks */,
				333908CA24DF126C0081E656 /* Resources */,
			);
			buildRules = (
			);
			dependencies = (
				333908CE24DF126C0081E656 /* PBXTargetDependency */,
			);
			name = GXRefreshSampleTests;
			productName = GXRefreshSampleTests;
			productReference = 333908CC24DF126C0081E656 /* GXRefreshSampleTests.xctest */;
			productType = "com.apple.product-type.bundle.unit-test";
		};
		333908D624DF126C0081E656 /* GXRefreshSampleUITests */ = {
			isa = PBXNativeTarget;
			buildConfigurationList = 333908E624DF126C0081E656 /* Build configuration list for PBXNativeTarget "GXRefreshSampleUITests" */;
			buildPhases = (
				333908D324DF126C0081E656 /* Sources */,
				333908D424DF126C0081E656 /* Frameworks */,
				333908D524DF126C0081E656 /* Resources */,
			);
			buildRules = (
			);
			dependencies = (
				333908D924DF126C0081E656 /* PBXTargetDependency */,
			);
			name = GXRefreshSampleUITests;
			productName = GXRefreshSampleUITests;
			productReference = 333908D724DF126C0081E656 /* GXRefreshSampleUITests.xctest */;
			productType = "com.apple.product-type.bundle.ui-testing";
		};
/* End PBXNativeTarget section */

/* Begin PBXProject section */
		333908AE24DF126A0081E656 /* Project object */ = {
			isa = PBXProject;
			attributes = {
				LastSwiftUpdateCheck = 1160;
				LastUpgradeCheck = 1200;
				ORGANIZATIONNAME = gin;
				TargetAttributes = {
					333908B524DF126A0081E656 = {
						CreatedOnToolsVersion = 11.6;
						LastSwiftMigration = 1160;
					};
					333908CB24DF126C0081E656 = {
						CreatedOnToolsVersion = 11.6;
						TestTargetID = 333908B524DF126A0081E656;
					};
					333908D624DF126C0081E656 = {
						CreatedOnToolsVersion = 11.6;
						TestTargetID = 333908B524DF126A0081E656;
					};
				};
			};
			buildConfigurationList = 333908B124DF126A0081E656 /* Build configuration list for PBXProject "GXRefreshSample" */;
			compatibilityVersion = "Xcode 9.3";
			developmentRegion = en;
			hasScannedForEncodings = 0;
			knownRegions = (
				en,
				Base,
			);
			mainGroup = 333908AD24DF126A0081E656;
			productRefGroup = 333908B724DF126A0081E656 /* Products */;
			projectDirPath = "";
			projectRoot = "";
			targets = (
				333908B524DF126A0081E656 /* GXRefreshSample */,
				333908CB24DF126C0081E656 /* GXRefreshSampleTests */,
				333908D624DF126C0081E656 /* GXRefreshSampleUITests */,
			);
		};
/* End PBXProject section */

/* Begin PBXResourcesBuildPhase section */
		333908B424DF126A0081E656 /* Resources */ = {
			isa = PBXResourcesBuildPhase;
			buildActionMask = 2147483647;
			files = (
				33623B3E24E8DC17006CCAEA /* gx_arrow@2x.png in Resources */,
				333908C624DF126C0081E656 /* LaunchScreen.storyboard in Resources */,
				333908C324DF126C0081E656 /* Assets.xcassets in Resources */,
				3306C095255C283800065A11 /* TableViewController.xib in Resources */,
				333908C124DF126A0081E656 /* Main.storyboard in Resources */,
			);
			runOnlyForDeploymentPostprocessing = 0;
		};
		333908CA24DF126C0081E656 /* Resources */ = {
			isa = PBXResourcesBuildPhase;
			buildActionMask = 2147483647;
			files = (
			);
			runOnlyForDeploymentPostprocessing = 0;
		};
		333908D524DF126C0081E656 /* Resources */ = {
			isa = PBXResourcesBuildPhase;
			buildActionMask = 2147483647;
			files = (
			);
			runOnlyForDeploymentPostprocessing = 0;
		};
/* End PBXResourcesBuildPhase section */

/* Begin PBXShellScriptBuildPhase section */
		23D9303CB25B25316B3BB453 /* [CP] Check Pods Manifest.lock */ = {
			isa = PBXShellScriptBuildPhase;
			buildActionMask = 2147483647;
			files = (
			);
			inputFileListPaths = (
			);
			inputPaths = (
				"${PODS_PODFILE_DIR_PATH}/Podfile.lock",
				"${PODS_ROOT}/Manifest.lock",
			);
			name = "[CP] Check Pods Manifest.lock";
			outputFileListPaths = (
			);
			outputPaths = (
				"$(DERIVED_FILE_DIR)/Pods-GXRefreshSample-checkManifestLockResult.txt",
			);
			runOnlyForDeploymentPostprocessing = 0;
			shellPath = /bin/sh;
			shellScript = "diff \"${PODS_PODFILE_DIR_PATH}/Podfile.lock\" \"${PODS_ROOT}/Manifest.lock\" > /dev/null\nif [ $? != 0 ] ; then\n    # print error to STDERR\n    echo \"error: The sandbox is not in sync with the Podfile.lock. Run 'pod install' or update your CocoaPods installation.\" >&2\n    exit 1\nfi\n# This output is used by Xcode 'outputs' to avoid re-running this script phase.\necho \"SUCCESS\" > \"${SCRIPT_OUTPUT_FILE_0}\"\n";
			showEnvVarsInLog = 0;
		};
		D52776A62D210C3FD645968C /* [CP] Embed Pods Frameworks */ = {
			isa = PBXShellScriptBuildPhase;
			buildActionMask = 2147483647;
			files = (
			);
			inputFileListPaths = (
				"${PODS_ROOT}/Target Support Files/Pods-GXRefreshSample/Pods-GXRefreshSample-frameworks-${CONFIGURATION}-input-files.xcfilelist",
			);
			name = "[CP] Embed Pods Frameworks";
			outputFileListPaths = (
				"${PODS_ROOT}/Target Support Files/Pods-GXRefreshSample/Pods-GXRefreshSample-frameworks-${CONFIGURATION}-output-files.xcfilelist",
			);
			runOnlyForDeploymentPostprocessing = 0;
			shellPath = /bin/sh;
			shellScript = "\"${PODS_ROOT}/Target Support Files/Pods-GXRefreshSample/Pods-GXRefreshSample-frameworks.sh\"\n";
			showEnvVarsInLog = 0;
		};
/* End PBXShellScriptBuildPhase section */

/* Begin PBXSourcesBuildPhase section */
		333908B224DF126A0081E656 /* Sources */ = {
			isa = PBXSourcesBuildPhase;
			buildActionMask = 2147483647;
			files = (
				333908EB24DF12EF0081E656 /* UIScrollView+GXRefresh.swift in Sources */,
				3320667724E4C2DA00D8074B /* GXRefreshGifHeader.swift in Sources */,
				3312A73824E6DA66005B502D /* GXRefreshCustomFooter.swift in Sources */,
				3306C08D255C280C00065A11 /* TabViewController.swift in Sources */,
				332655ED24E8A77600079CB9 /* GXRefreshIndicatorView.swift in Sources */,
				333908BE24DF126A0081E656 /* ViewController.swift in Sources */,
				336A62C224E02104008A234A /* GXRefreshComponent.swift in Sources */,
				335BD62024E57BEA0094A0E7 /* GXRefreshGifFooter.swift in Sources */,
				332964C724E34FA70057484C /* GXRefreshNormalFooter.swift in Sources */,
				336A62C424E06808008A234A /* GXRefreshBaseHeader.swift in Sources */,
				333908BA24DF126A0081E656 /* AppDelegate.swift in Sources */,
				3306C094255C283800065A11 /* TableViewController.swift in Sources */,
				3312A73124E61C2E005B502D /* RootTableViewController.swift in Sources */,
				3312A73924E6DA66005B502D /* GXRefreshCustomHeader.swift in Sources */,
				332964C524E318940057484C /* GXRefreshNormalHeader.swift in Sources */,
				331F496824E1D5DC0013100D /* GXRefreshBaseFooter.swift in Sources */,
			);
			runOnlyForDeploymentPostprocessing = 0;
		};
		333908C824DF126C0081E656 /* Sources */ = {
			isa = PBXSourcesBuildPhase;
			buildActionMask = 2147483647;
			files = (
				333908D124DF126C0081E656 /* GXRefreshSampleTests.swift in Sources */,
			);
			runOnlyForDeploymentPostprocessing = 0;
		};
		333908D324DF126C0081E656 /* Sources */ = {
			isa = PBXSourcesBuildPhase;
			buildActionMask = 2147483647;
			files = (
				333908DC24DF126C0081E656 /* GXRefreshSampleUITests.swift in Sources */,
			);
			runOnlyForDeploymentPostprocessing = 0;
		};
/* End PBXSourcesBuildPhase section */

/* Begin PBXTargetDependency section */
		333908CE24DF126C0081E656 /* PBXTargetDependency */ = {
			isa = PBXTargetDependency;
			target = 333908B524DF126A0081E656 /* GXRefreshSample */;
			targetProxy = 333908CD24DF126C0081E656 /* PBXContainerItemProxy */;
		};
		333908D924DF126C0081E656 /* PBXTargetDependency */ = {
			isa = PBXTargetDependency;
			target = 333908B524DF126A0081E656 /* GXRefreshSample */;
			targetProxy = 333908D824DF126C0081E656 /* PBXContainerItemProxy */;
		};
/* End PBXTargetDependency section */

/* Begin PBXVariantGroup section */
		333908BF24DF126A0081E656 /* Main.storyboard */ = {
			isa = PBXVariantGroup;
			children = (
				333908C024DF126A0081E656 /* Base */,
			);
			name = Main.storyboard;
			sourceTree = "<group>";
		};
		333908C424DF126C0081E656 /* LaunchScreen.storyboard */ = {
			isa = PBXVariantGroup;
			children = (
				333908C524DF126C0081E656 /* Base */,
			);
			name = LaunchScreen.storyboard;
			sourceTree = "<group>";
		};
/* End PBXVariantGroup section */

/* Begin XCBuildConfiguration section */
		333908DE24DF126C0081E656 /* Debug */ = {
			isa = XCBuildConfiguration;
			buildSettings = {
				ALWAYS_SEARCH_USER_PATHS = NO;
				CLANG_ANALYZER_NONNULL = YES;
				CLANG_ANALYZER_NUMBER_OBJECT_CONVERSION = YES_AGGRESSIVE;
				CLANG_CXX_LANGUAGE_STANDARD = "gnu++14";
				CLANG_CXX_LIBRARY = "libc++";
				CLANG_ENABLE_MODULES = YES;
				CLANG_ENABLE_OBJC_ARC = YES;
				CLANG_ENABLE_OBJC_WEAK = YES;
				CLANG_WARN_BLOCK_CAPTURE_AUTORELEASING = YES;
				CLANG_WARN_BOOL_CONVERSION = YES;
				CLANG_WARN_COMMA = YES;
				CLANG_WARN_CONSTANT_CONVERSION = YES;
				CLANG_WARN_DEPRECATED_OBJC_IMPLEMENTATIONS = YES;
				CLANG_WARN_DIRECT_OBJC_ISA_USAGE = YES_ERROR;
				CLANG_WARN_DOCUMENTATION_COMMENTS = YES;
				CLANG_WARN_EMPTY_BODY = YES;
				CLANG_WARN_ENUM_CONVERSION = YES;
				CLANG_WARN_INFINITE_RECURSION = YES;
				CLANG_WARN_INT_CONVERSION = YES;
				CLANG_WARN_NON_LITERAL_NULL_CONVERSION = YES;
				CLANG_WARN_OBJC_IMPLICIT_RETAIN_SELF = YES;
				CLANG_WARN_OBJC_LITERAL_CONVERSION = YES;
				CLANG_WARN_OBJC_ROOT_CLASS = YES_ERROR;
				CLANG_WARN_QUOTED_INCLUDE_IN_FRAMEWORK_HEADER = YES;
				CLANG_WARN_RANGE_LOOP_ANALYSIS = YES;
				CLANG_WARN_STRICT_PROTOTYPES = YES;
				CLANG_WARN_SUSPICIOUS_MOVE = YES;
				CLANG_WARN_UNGUARDED_AVAILABILITY = YES_AGGRESSIVE;
				CLANG_WARN_UNREACHABLE_CODE = YES;
				CLANG_WARN__DUPLICATE_METHOD_MATCH = YES;
				COPY_PHASE_STRIP = NO;
				DEBUG_INFORMATION_FORMAT = dwarf;
				ENABLE_STRICT_OBJC_MSGSEND = YES;
				ENABLE_TESTABILITY = YES;
				GCC_C_LANGUAGE_STANDARD = gnu11;
				GCC_DYNAMIC_NO_PIC = NO;
				GCC_NO_COMMON_BLOCKS = YES;
				GCC_OPTIMIZATION_LEVEL = 0;
				GCC_PREPROCESSOR_DEFINITIONS = (
					"DEBUG=1",
					"$(inherited)",
				);
				GCC_WARN_64_TO_32_BIT_CONVERSION = YES;
				GCC_WARN_ABOUT_RETURN_TYPE = YES_ERROR;
				GCC_WARN_UNDECLARED_SELECTOR = YES;
				GCC_WARN_UNINITIALIZED_AUTOS = YES_AGGRESSIVE;
				GCC_WARN_UNUSED_FUNCTION = YES;
				GCC_WARN_UNUSED_VARIABLE = YES;
				IPHONEOS_DEPLOYMENT_TARGET = 13.6;
				MTL_ENABLE_DEBUG_INFO = INCLUDE_SOURCE;
				MTL_FAST_MATH = YES;
				ONLY_ACTIVE_ARCH = YES;
				SDKROOT = iphoneos;
				SWIFT_ACTIVE_COMPILATION_CONDITIONS = DEBUG;
				SWIFT_OPTIMIZATION_LEVEL = "-Onone";
			};
			name = Debug;
		};
		333908DF24DF126C0081E656 /* Release */ = {
			isa = XCBuildConfiguration;
			buildSettings = {
				ALWAYS_SEARCH_USER_PATHS = NO;
				CLANG_ANALYZER_NONNULL = YES;
				CLANG_ANALYZER_NUMBER_OBJECT_CONVERSION = YES_AGGRESSIVE;
				CLANG_CXX_LANGUAGE_STANDARD = "gnu++14";
				CLANG_CXX_LIBRARY = "libc++";
				CLANG_ENABLE_MODULES = YES;
				CLANG_ENABLE_OBJC_ARC = YES;
				CLANG_ENABLE_OBJC_WEAK = YES;
				CLANG_WARN_BLOCK_CAPTURE_AUTORELEASING = YES;
				CLANG_WARN_BOOL_CONVERSION = YES;
				CLANG_WARN_COMMA = YES;
				CLANG_WARN_CONSTANT_CONVERSION = YES;
				CLANG_WARN_DEPRECATED_OBJC_IMPLEMENTATIONS = YES;
				CLANG_WARN_DIRECT_OBJC_ISA_USAGE = YES_ERROR;
				CLANG_WARN_DOCUMENTATION_COMMENTS = YES;
				CLANG_WARN_EMPTY_BODY = YES;
				CLANG_WARN_ENUM_CONVERSION = YES;
				CLANG_WARN_INFINITE_RECURSION = YES;
				CLANG_WARN_INT_CONVERSION = YES;
				CLANG_WARN_NON_LITERAL_NULL_CONVERSION = YES;
				CLANG_WARN_OBJC_IMPLICIT_RETAIN_SELF = YES;
				CLANG_WARN_OBJC_LITERAL_CONVERSION = YES;
				CLANG_WARN_OBJC_ROOT_CLASS = YES_ERROR;
				CLANG_WARN_QUOTED_INCLUDE_IN_FRAMEWORK_HEADER = YES;
				CLANG_WARN_RANGE_LOOP_ANALYSIS = YES;
				CLANG_WARN_STRICT_PROTOTYPES = YES;
				CLANG_WARN_SUSPICIOUS_MOVE = YES;
				CLANG_WARN_UNGUARDED_AVAILABILITY = YES_AGGRESSIVE;
				CLANG_WARN_UNREACHABLE_CODE = YES;
				CLANG_WARN__DUPLICATE_METHOD_MATCH = YES;
				COPY_PHASE_STRIP = NO;
				DEBUG_INFORMATION_FORMAT = "dwarf-with-dsym";
				ENABLE_NS_ASSERTIONS = NO;
				ENABLE_STRICT_OBJC_MSGSEND = YES;
				GCC_C_LANGUAGE_STANDARD = gnu11;
				GCC_NO_COMMON_BLOCKS = YES;
				GCC_WARN_64_TO_32_BIT_CONVERSION = YES;
				GCC_WARN_ABOUT_RETURN_TYPE = YES_ERROR;
				GCC_WARN_UNDECLARED_SELECTOR = YES;
				GCC_WARN_UNINITIALIZED_AUTOS = YES_AGGRESSIVE;
				GCC_WARN_UNUSED_FUNCTION = YES;
				GCC_WARN_UNUSED_VARIABLE = YES;
				IPHONEOS_DEPLOYMENT_TARGET = 13.6;
				MTL_ENABLE_DEBUG_INFO = NO;
				MTL_FAST_MATH = YES;
				SDKROOT = iphoneos;
				SWIFT_COMPILATION_MODE = wholemodule;
				SWIFT_OPTIMIZATION_LEVEL = "-O";
				VALIDATE_PRODUCT = YES;
			};
			name = Release;
		};
		333908E124DF126C0081E656 /* Debug */ = {
			isa = XCBuildConfiguration;
			baseConfigurationReference = EC721FE230C59C2F0726696A /* Pods-GXRefreshSample.debug.xcconfig */;
			buildSettings = {
				ASSETCATALOG_COMPILER_APPICON_NAME = AppIcon;
				CODE_SIGN_STYLE = Automatic;
				DEVELOPMENT_TEAM = G8M2K7562P;
				INFOPLIST_FILE = GXRefreshSample/Info.plist;
				IPHONEOS_DEPLOYMENT_TARGET = 12.0;
				LD_RUNPATH_SEARCH_PATHS = (
					"$(inherited)",
					"@executable_path/Frameworks",
				);
				OTHER_LDFLAGS = (
					"$(inherited)",
					"-framework",
					"\"GXSegmentPageView\"",
					"-framework",
					"\"UIKit\"",
					"-all_load",
				);
				PRODUCT_BUNDLE_IDENTIFIER = com.gin.GXRefreshSample;
				PRODUCT_NAME = "$(TARGET_NAME)";
				SWIFT_VERSION = 5.0;
				TARGETED_DEVICE_FAMILY = "1,2";
			};
			name = Debug;
		};
		333908E224DF126C0081E656 /* Release */ = {
			isa = XCBuildConfiguration;
			baseConfigurationReference = 99D52BE5E269AFA75068D742 /* Pods-GXRefreshSample.release.xcconfig */;
			buildSettings = {
				ASSETCATALOG_COMPILER_APPICON_NAME = AppIcon;
				CODE_SIGN_STYLE = Automatic;
				DEVELOPMENT_TEAM = G8M2K7562P;
				INFOPLIST_FILE = GXRefreshSample/Info.plist;
				IPHONEOS_DEPLOYMENT_TARGET = 12.0;
				LD_RUNPATH_SEARCH_PATHS = (
					"$(inherited)",
					"@executable_path/Frameworks",
				);
				OTHER_LDFLAGS = (
					"$(inherited)",
					"-framework",
					"\"GXSegmentPageView\"",
					"-framework",
					"\"UIKit\"",
					"-all_load",
				);
				PRODUCT_BUNDLE_IDENTIFIER = com.gin.GXRefreshSample;
				PRODUCT_NAME = "$(TARGET_NAME)";
				SWIFT_VERSION = 5.0;
				TARGETED_DEVICE_FAMILY = "1,2";
			};
			name = Release;
		};
		333908E424DF126C0081E656 /* Debug */ = {
			isa = XCBuildConfiguration;
			buildSettings = {
				ALWAYS_EMBED_SWIFT_STANDARD_LIBRARIES = YES;
				BUNDLE_LOADER = "$(TEST_HOST)";
				CODE_SIGN_STYLE = Automatic;
				DEVELOPMENT_TEAM = L54KZN9KMH;
				INFOPLIST_FILE = GXRefreshSampleTests/Info.plist;
				IPHONEOS_DEPLOYMENT_TARGET = 13.6;
				LD_RUNPATH_SEARCH_PATHS = (
					"$(inherited)",
					"@executable_path/Frameworks",
					"@loader_path/Frameworks",
				);
				PRODUCT_BUNDLE_IDENTIFIER = com.gin.GXRefreshSampleTests;
				PRODUCT_NAME = "$(TARGET_NAME)";
				SWIFT_VERSION = 5.0;
				TARGETED_DEVICE_FAMILY = "1,2";
				TEST_HOST = "$(BUILT_PRODUCTS_DIR)/GXRefreshSample.app/GXRefreshSample";
			};
			name = Debug;
		};
		333908E524DF126C0081E656 /* Release */ = {
			isa = XCBuildConfiguration;
			buildSettings = {
				ALWAYS_EMBED_SWIFT_STANDARD_LIBRARIES = YES;
				BUNDLE_LOADER = "$(TEST_HOST)";
				CODE_SIGN_STYLE = Automatic;
				DEVELOPMENT_TEAM = L54KZN9KMH;
				INFOPLIST_FILE = GXRefreshSampleTests/Info.plist;
				IPHONEOS_DEPLOYMENT_TARGET = 13.6;
				LD_RUNPATH_SEARCH_PATHS = (
					"$(inherited)",
					"@executable_path/Frameworks",
					"@loader_path/Frameworks",
				);
				PRODUCT_BUNDLE_IDENTIFIER = com.gin.GXRefreshSampleTests;
				PRODUCT_NAME = "$(TARGET_NAME)";
				SWIFT_VERSION = 5.0;
				TARGETED_DEVICE_FAMILY = "1,2";
				TEST_HOST = "$(BUILT_PRODUCTS_DIR)/GXRefreshSample.app/GXRefreshSample";
			};
			name = Release;
		};
		333908E724DF126C0081E656 /* Debug */ = {
			isa = XCBuildConfiguration;
			buildSettings = {
				ALWAYS_EMBED_SWIFT_STANDARD_LIBRARIES = YES;
				CODE_SIGN_STYLE = Automatic;
				DEVELOPMENT_TEAM = L54KZN9KMH;
				INFOPLIST_FILE = GXRefreshSampleUITests/Info.plist;
				LD_RUNPATH_SEARCH_PATHS = (
					"$(inherited)",
					"@executable_path/Frameworks",
					"@loader_path/Frameworks",
				);
				PRODUCT_BUNDLE_IDENTIFIER = com.gin.GXRefreshSampleUITests;
				PRODUCT_NAME = "$(TARGET_NAME)";
				SWIFT_VERSION = 5.0;
				TARGETED_DEVICE_FAMILY = "1,2";
				TEST_TARGET_NAME = GXRefreshSample;
			};
			name = Debug;
		};
		333908E824DF126C0081E656 /* Release */ = {
			isa = XCBuildConfiguration;
			buildSettings = {
				ALWAYS_EMBED_SWIFT_STANDARD_LIBRARIES = YES;
				CODE_SIGN_STYLE = Automatic;
				DEVELOPMENT_TEAM = L54KZN9KMH;
				INFOPLIST_FILE = GXRefreshSampleUITests/Info.plist;
				LD_RUNPATH_SEARCH_PATHS = (
					"$(inherited)",
					"@executable_path/Frameworks",
					"@loader_path/Frameworks",
				);
				PRODUCT_BUNDLE_IDENTIFIER = com.gin.GXRefreshSampleUITests;
				PRODUCT_NAME = "$(TARGET_NAME)";
				SWIFT_VERSION = 5.0;
				TARGETED_DEVICE_FAMILY = "1,2";
				TEST_TARGET_NAME = GXRefreshSample;
			};
			name = Release;
		};
/* End XCBuildConfiguration section */

/* Begin XCConfigurationList section */
		333908B124DF126A0081E656 /* Build configuration list for PBXProject "GXRefreshSample" */ = {
			isa = XCConfigurationList;
			buildConfigurations = (
				333908DE24DF126C0081E656 /* Debug */,
				333908DF24DF126C0081E656 /* Release */,
			);
			defaultConfigurationIsVisible = 0;
			defaultConfigurationName = Release;
		};
		333908E024DF126C0081E656 /* Build configuration list for PBXNativeTarget "GXRefreshSample" */ = {
			isa = XCConfigurationList;
			buildConfigurations = (
				333908E124DF126C0081E656 /* Debug */,
				333908E224DF126C0081E656 /* Release */,
			);
			defaultConfigurationIsVisible = 0;
			defaultConfigurationName = Release;
		};
		333908E324DF126C0081E656 /* Build configuration list for PBXNativeTarget "GXRefreshSampleTests" */ = {
			isa = XCConfigurationList;
			buildConfigurations = (
				333908E424DF126C0081E656 /* Debug */,
				333908E524DF126C0081E656 /* Release */,
			);
			defaultConfigurationIsVisible = 0;
			defaultConfigurationName = Release;
		};
		333908E624DF126C0081E656 /* Build configuration list for PBXNativeTarget "GXRefreshSampleUITests" */ = {
			isa = XCConfigurationList;
			buildConfigurations = (
				333908E724DF126C0081E656 /* Debug */,
				333908E824DF126C0081E656 /* Release */,
			);
			defaultConfigurationIsVisible = 0;
			defaultConfigurationName = Release;
		};
/* End XCConfigurationList section */
	};
	rootObject = 333908AE24DF126A0081E656 /* Project object */;
}
